// !$*UTF8*$!
{
	archiveVersion = 1;
	classes = {
	};
	objectVersion = 50;
	objects = {

/* Begin PBXBuildFile section */
		504945542580C9C800C2A326 /* PlayApp.swift in Sources */ = {isa = PBXBuildFile; fileRef = 504945532580C9C800C2A326 /* PlayApp.swift */; };
		504945562580C9C800C2A326 /* ContentView.swift in Sources */ = {isa = PBXBuildFile; fileRef = 504945552580C9C800C2A326 /* ContentView.swift */; };
		504945582580C9C900C2A326 /* Assets.xcassets in Resources */ = {isa = PBXBuildFile; fileRef = 504945572580C9C900C2A326 /* Assets.xcassets */; };
		5049455B2580C9C900C2A326 /* Preview Assets.xcassets in Resources */ = {isa = PBXBuildFile; fileRef = 5049455A2580C9C900C2A326 /* Preview Assets.xcassets */; };
		504945672580C9C900C2A326 /* PlayTests.swift in Sources */ = {isa = PBXBuildFile; fileRef = 504945662580C9C900C2A326 /* PlayTests.swift */; };
		504945722580C9C900C2A326 /* PlayUITests.swift in Sources */ = {isa = PBXBuildFile; fileRef = 504945712580C9C900C2A326 /* PlayUITests.swift */; };
/* End PBXBuildFile section */

/* Begin PBXContainerItemProxy section */
		504945632580C9C900C2A326 /* PBXContainerItemProxy */ = {
			isa = PBXContainerItemProxy;
			containerPortal = 504945482580C9C800C2A326 /* Project object */;
			proxyType = 1;
			remoteGlobalIDString = 5049454F2580C9C800C2A326;
			remoteInfo = Play;
		};
		5049456E2580C9C900C2A326 /* PBXContainerItemProxy */ = {
			isa = PBXContainerItemProxy;
			containerPortal = 504945482580C9C800C2A326 /* Project object */;
			proxyType = 1;
			remoteGlobalIDString = 5049454F2580C9C800C2A326;
			remoteInfo = Play;
		};
/* End PBXContainerItemProxy section */

/* Begin PBXFileReference section */
		504945502580C9C800C2A326 /* Play.app */ = {isa = PBXFileReference; explicitFileType = wrapper.application; includeInIndex = 0; path = Play.app; sourceTree = BUILT_PRODUCTS_DIR; };
		504945532580C9C800C2A326 /* PlayApp.swift */ = {isa = PBXFileReference; lastKnownFileType = sourcecode.swift; path = PlayApp.swift; sourceTree = "<group>"; };
		504945552580C9C800C2A326 /* ContentView.swift */ = {isa = PBXFileReference; lastKnownFileType = sourcecode.swift; path = ContentView.swift; sourceTree = "<group>"; };
		504945572580C9C900C2A326 /* Assets.xcassets */ = {isa = PBXFileReference; lastKnownFileType = folder.assetcatalog; path = Assets.xcassets; sourceTree = "<group>"; };
		5049455A2580C9C900C2A326 /* Preview Assets.xcassets */ = {isa = PBXFileReference; lastKnownFileType = folder.assetcatalog; path = "Preview Assets.xcassets"; sourceTree = "<group>"; };
		5049455C2580C9C900C2A326 /* Info.plist */ = {isa = PBXFileReference; lastKnownFileType = text.plist.xml; path = Info.plist; sourceTree = "<group>"; };
		5049455D2580C9C900C2A326 /* Play.entitlements */ = {isa = PBXFileReference; lastKnownFileType = text.plist.entitlements; path = Play.entitlements; sourceTree = "<group>"; };
		504945622580C9C900C2A326 /* PlayTests.xctest */ = {isa = PBXFileReference; explicitFileType = wrapper.cfbundle; includeInIndex = 0; path = PlayTests.xctest; sourceTree = BUILT_PRODUCTS_DIR; };
		504945662580C9C900C2A326 /* PlayTests.swift */ = {isa = PBXFileReference; lastKnownFileType = sourcecode.swift; path = PlayTests.swift; sourceTree = "<group>"; };
		504945682580C9C900C2A326 /* Info.plist */ = {isa = PBXFileReference; lastKnownFileType = text.plist.xml; path = Info.plist; sourceTree = "<group>"; };
		5049456D2580C9C900C2A326 /* PlayUITests.xctest */ = {isa = PBXFileReference; explicitFileType = wrapper.cfbundle; includeInIndex = 0; path = PlayUITests.xctest; sourceTree = BUILT_PRODUCTS_DIR; };
		504945712580C9C900C2A326 /* PlayUITests.swift */ = {isa = PBXFileReference; lastKnownFileType = sourcecode.swift; path = PlayUITests.swift; sourceTree = "<group>"; };
		504945732580C9C900C2A326 /* Info.plist */ = {isa = PBXFileReference; lastKnownFileType = text.plist.xml; path = Info.plist; sourceTree = "<group>"; };
/* End PBXFileReference section */

/* Begin PBXFrameworksBuildPhase section */
		5049454D2580C9C800C2A326 /* Frameworks */ = {
			isa = PBXFrameworksBuildPhase;
			buildActionMask = 2147483647;
			files = (
			);
			runOnlyForDeploymentPostprocessing = 0;
		};
		5049455F2580C9C900C2A326 /* Frameworks */ = {
			isa = PBXFrameworksBuildPhase;
			buildActionMask = 2147483647;
			files = (
			);
			runOnlyForDeploymentPostprocessing = 0;
		};
		5049456A2580C9C900C2A326 /* Frameworks */ = {
			isa = PBXFrameworksBuildPhase;
			buildActionMask = 2147483647;
			files = (
			);
			runOnlyForDeploymentPostprocessing = 0;
		};
/* End PBXFrameworksBuildPhase section */

/* Begin PBXGroup section */
		504945472580C9C800C2A326 = {
			isa = PBXGroup;
			children = (
				504945522580C9C800C2A326 /* Play */,
				504945652580C9C900C2A326 /* PlayTests */,
				504945702580C9C900C2A326 /* PlayUITests */,
				504945512580C9C800C2A326 /* Products */,
			);
			sourceTree = "<group>";
		};
		504945512580C9C800C2A326 /* Products */ = {
			isa = PBXGroup;
			children = (
				504945502580C9C800C2A326 /* Play.app */,
				504945622580C9C900C2A326 /* PlayTests.xctest */,
				5049456D2580C9C900C2A326 /* PlayUITests.xctest */,
			);
			name = Products;
			sourceTree = "<group>";
		};
		504945522580C9C800C2A326 /* Play */ = {
			isa = PBXGroup;
			children = (
				504945532580C9C800C2A326 /* PlayApp.swift */,
				504945552580C9C800C2A326 /* ContentView.swift */,
				504945572580C9C900C2A326 /* Assets.xcassets */,
				5049455C2580C9C900C2A326 /* Info.plist */,
				5049455D2580C9C900C2A326 /* Play.entitlements */,
				504945592580C9C900C2A326 /* Preview Content */,
			);
			path = Play;
			sourceTree = "<group>";
		};
		504945592580C9C900C2A326 /* Preview Content */ = {
			isa = PBXGroup;
			children = (
				5049455A2580C9C900C2A326 /* Preview Assets.xcassets */,
			);
			path = "Preview Content";
			sourceTree = "<group>";
		};
		504945652580C9C900C2A326 /* PlayTests */ = {
			isa = PBXGroup;
			children = (
				504945662580C9C900C2A326 /* PlayTests.swift */,
				504945682580C9C900C2A326 /* Info.plist */,
			);
			path = PlayTests;
			sourceTree = "<group>";
		};
		504945702580C9C900C2A326 /* PlayUITests */ = {
			isa = PBXGroup;
			children = (
				504945712580C9C900C2A326 /* PlayUITests.swift */,
				504945732580C9C900C2A326 /* Info.plist */,
			);
			path = PlayUITests;
			sourceTree = "<group>";
		};
/* End PBXGroup section */

/* Begin PBXNativeTarget section */
		5049454F2580C9C800C2A326 /* Play */ = {
			isa = PBXNativeTarget;
			buildConfigurationList = 504945762580C9C900C2A326 /* Build configuration list for PBXNativeTarget "Play" */;
			buildPhases = (
				5049454C2580C9C800C2A326 /* Sources */,
				5049454D2580C9C800C2A326 /* Frameworks */,
				5049454E2580C9C800C2A326 /* Resources */,
			);
			buildRules = (
			);
			dependencies = (
			);
			name = Play;
			productName = Play;
			productReference = 504945502580C9C800C2A326 /* Play.app */;
			productType = "com.apple.product-type.application";
		};
		504945612580C9C900C2A326 /* PlayTests */ = {
			isa = PBXNativeTarget;
			buildConfigurationList = 504945792580C9C900C2A326 /* Build configuration list for PBXNativeTarget "PlayTests" */;
			buildPhases = (
				5049455E2580C9C900C2A326 /* Sources */,
				5049455F2580C9C900C2A326 /* Frameworks */,
				504945602580C9C900C2A326 /* Resources */,
			);
			buildRules = (
			);
			dependencies = (
				504945642580C9C900C2A326 /* PBXTargetDependency */,
			);
			name = PlayTests;
			productName = PlayTests;
			productReference = 504945622580C9C900C2A326 /* PlayTests.xctest */;
			productType = "com.apple.product-type.bundle.unit-test";
		};
		5049456C2580C9C900C2A326 /* PlayUITests */ = {
			isa = PBXNativeTarget;
			buildConfigurationList = 5049457C2580C9C900C2A326 /* Build configuration list for PBXNativeTarget "PlayUITests" */;
			buildPhases = (
				504945692580C9C900C2A326 /* Sources */,
				5049456A2580C9C900C2A326 /* Frameworks */,
				5049456B2580C9C900C2A326 /* Resources */,
			);
			buildRules = (
			);
			dependencies = (
				5049456F2580C9C900C2A326 /* PBXTargetDependency */,
			);
			name = PlayUITests;
			productName = PlayUITests;
			productReference = 5049456D2580C9C900C2A326 /* PlayUITests.xctest */;
			productType = "com.apple.product-type.bundle.ui-testing";
		};
/* End PBXNativeTarget section */

/* Begin PBXProject section */
		504945482580C9C800C2A326 /* Project object */ = {
			isa = PBXProject;
			attributes = {
				LastSwiftUpdateCheck = 1220;
				LastUpgradeCheck = 1220;
				TargetAttributes = {
					5049454F2580C9C800C2A326 = {
						CreatedOnToolsVersion = 12.2;
					};
					504945612580C9C900C2A326 = {
						CreatedOnToolsVersion = 12.2;
						TestTargetID = 5049454F2580C9C800C2A326;
					};
					5049456C2580C9C900C2A326 = {
						CreatedOnToolsVersion = 12.2;
						TestTargetID = 5049454F2580C9C800C2A326;
					};
				};
			};
			buildConfigurationList = 5049454B2580C9C800C2A326 /* Build configuration list for PBXProject "Play" */;
			compatibilityVersion = "Xcode 9.3";
			developmentRegion = en;
			hasScannedForEncodings = 0;
			knownRegions = (
				en,
				Base,
			);
			mainGroup = 504945472580C9C800C2A326;
			productRefGroup = 504945512580C9C800C2A326 /* Products */;
			projectDirPath = "";
			projectRoot = "";
			targets = (
				5049454F2580C9C800C2A326 /* Play */,
				504945612580C9C900C2A326 /* PlayTests */,
				5049456C2580C9C900C2A326 /* PlayUITests */,
			);
		};
/* End PBXProject section */

/* Begin PBXResourcesBuildPhase section */
		5049454E2580C9C800C2A326 /* Resources */ = {
			isa = PBXResourcesBuildPhase;
			buildActionMask = 2147483647;
			files = (
				5049455B2580C9C900C2A326 /* Preview Assets.xcassets in Resources */,
				504945582580C9C900C2A326 /* Assets.xcassets in Resources */,
			);
			runOnlyForDeploymentPostprocessing = 0;
		};
		504945602580C9C900C2A326 /* Resources */ = {
			isa = PBXResourcesBuildPhase;
			buildActionMask = 2147483647;
			files = (
			);
			runOnlyForDeploymentPostprocessing = 0;
		};
		5049456B2580C9C900C2A326 /* Resources */ = {
			isa = PBXResourcesBuildPhase;
			buildActionMask = 2147483647;
			files = (
			);
			runOnlyForDeploymentPostprocessing = 0;
		};
/* End PBXResourcesBuildPhase section */

/* Begin PBXSourcesBuildPhase section */
		5049454C2580C9C800C2A326 /* Sources */ = {
			isa = PBXSourcesBuildPhase;
			buildActionMask = 2147483647;
			files = (
				504945562580C9C800C2A326 /* ContentView.swift in Sources */,
				504945542580C9C800C2A326 /* PlayApp.swift in Sources */,
			);
			runOnlyForDeploymentPostprocessing = 0;
		};
		5049455E2580C9C900C2A326 /* Sources */ = {
			isa = PBXSourcesBuildPhase;
			buildActionMask = 2147483647;
			files = (
				504945672580C9C900C2A326 /* PlayTests.swift in Sources */,
			);
			runOnlyForDeploymentPostprocessing = 0;
		};
		504945692580C9C900C2A326 /* Sources */ = {
			isa = PBXSourcesBuildPhase;
			buildActionMask = 2147483647;
			files = (
				504945722580C9C900C2A326 /* PlayUITests.swift in Sources */,
			);
			runOnlyForDeploymentPostprocessing = 0;
		};
/* End PBXSourcesBuildPhase section */

/* Begin PBXTargetDependency section */
		504945642580C9C900C2A326 /* PBXTargetDependency */ = {
			isa = PBXTargetDependency;
			target = 5049454F2580C9C800C2A326 /* Play */;
			targetProxy = 504945632580C9C900C2A326 /* PBXContainerItemProxy */;
		};
		5049456F2580C9C900C2A326 /* PBXTargetDependency */ = {
			isa = PBXTargetDependency;
			target = 5049454F2580C9C800C2A326 /* Play */;
			targetProxy = 5049456E2580C9C900C2A326 /* PBXContainerItemProxy */;
		};
/* End PBXTargetDependency section */

/* Begin XCBuildConfiguration section */
		504945742580C9C900C2A326 /* Debug */ = {
			isa = XCBuildConfiguration;
			buildSettings = {
				ALWAYS_SEARCH_USER_PATHS = NO;
				CLANG_ANALYZER_NONNULL = YES;
				CLANG_ANALYZER_NUMBER_OBJECT_CONVERSION = YES_AGGRESSIVE;
				CLANG_CXX_LANGUAGE_STANDARD = "gnu++14";
				CLANG_CXX_LIBRARY = "libc++";
				CLANG_ENABLE_MODULES = YES;
				CLANG_ENABLE_OBJC_ARC = YES;
				CLANG_ENABLE_OBJC_WEAK = YES;
				CLANG_WARN_BLOCK_CAPTURE_AUTORELEASING = YES;
				CLANG_WARN_BOOL_CONVERSION = YES;
				CLANG_WARN_COMMA = YES;
				CLANG_WARN_CONSTANT_CONVERSION = YES;
				CLANG_WARN_DEPRECATED_OBJC_IMPLEMENTATIONS = YES;
				CLANG_WARN_DIRECT_OBJC_ISA_USAGE = YES_ERROR;
				CLANG_WARN_DOCUMENTATION_COMMENTS = YES;
				CLANG_WARN_EMPTY_BODY = YES;
				CLANG_WARN_ENUM_CONVERSION = YES;
				CLANG_WARN_INFINITE_RECURSION = YES;
				CLANG_WARN_INT_CONVERSION = YES;
				CLANG_WARN_NON_LITERAL_NULL_CONVERSION = YES;
				CLANG_WARN_OBJC_IMPLICIT_RETAIN_SELF = YES;
				CLANG_WARN_OBJC_LITERAL_CONVERSION = YES;
				CLANG_WARN_OBJC_ROOT_CLASS = YES_ERROR;
				CLANG_WARN_QUOTED_INCLUDE_IN_FRAMEWORK_HEADER = YES;
				CLANG_WARN_RANGE_LOOP_ANALYSIS = YES;
				CLANG_WARN_STRICT_PROTOTYPES = YES;
				CLANG_WARN_SUSPICIOUS_MOVE = YES;
				CLANG_WARN_UNGUARDED_AVAILABILITY = YES_AGGRESSIVE;
				CLANG_WARN_UNREACHABLE_CODE = YES;
				CLANG_WARN__DUPLICATE_METHOD_MATCH = YES;
				COPY_PHASE_STRIP = NO;
				DEBUG_INFORMATION_FORMAT = dwarf;
				ENABLE_STRICT_OBJC_MSGSEND = YES;
				ENABLE_TESTABILITY = YES;
				GCC_C_LANGUAGE_STANDARD = gnu11;
				GCC_DYNAMIC_NO_PIC = NO;
				GCC_NO_COMMON_BLOCKS = YES;
				GCC_OPTIMIZATION_LEVEL = 0;
				GCC_PREPROCESSOR_DEFINITIONS = (
					"DEBUG=1",
					"$(inherited)",
				);
				GCC_WARN_64_TO_32_BIT_CONVERSION = YES;
				GCC_WARN_ABOUT_RETURN_TYPE = YES_ERROR;
				GCC_WARN_UNDECLARED_SELECTOR = YES;
				GCC_WARN_UNINITIALIZED_AUTOS = YES_AGGRESSIVE;
				GCC_WARN_UNUSED_FUNCTION = YES;
				GCC_WARN_UNUSED_VARIABLE = YES;
				MACOSX_DEPLOYMENT_TARGET = 11.0;
				MTL_ENABLE_DEBUG_INFO = INCLUDE_SOURCE;
				MTL_FAST_MATH = YES;
				ONLY_ACTIVE_ARCH = YES;
				SDKROOT = macosx;
				SWIFT_ACTIVE_COMPILATION_CONDITIONS = DEBUG;
				SWIFT_OPTIMIZATION_LEVEL = "-Onone";
			};
			name = Debug;
		};
		504945752580C9C900C2A326 /* Release */ = {
			isa = XCBuildConfiguration;
			buildSettings = {
				ALWAYS_SEARCH_USER_PATHS = NO;
				CLANG_ANALYZER_NONNULL = YES;
				CLANG_ANALYZER_NUMBER_OBJECT_CONVERSION = YES_AGGRESSIVE;
				CLANG_CXX_LANGUAGE_STANDARD = "gnu++14";
				CLANG_CXX_LIBRARY = "libc++";
				CLANG_ENABLE_MODULES = YES;
				CLANG_ENABLE_OBJC_ARC = YES;
				CLANG_ENABLE_OBJC_WEAK = YES;
				CLANG_WARN_BLOCK_CAPTURE_AUTORELEASING = YES;
				CLANG_WARN_BOOL_CONVERSION = YES;
				CLANG_WARN_COMMA = YES;
				CLANG_WARN_CONSTANT_CONVERSION = YES;
				CLANG_WARN_DEPRECATED_OBJC_IMPLEMENTATIONS = YES;
				CLANG_WARN_DIRECT_OBJC_ISA_USAGE = YES_ERROR;
				CLANG_WARN_DOCUMENTATION_COMMENTS = YES;
				CLANG_WARN_EMPTY_BODY = YES;
				CLANG_WARN_ENUM_CONVERSION = YES;
				CLANG_WARN_INFINITE_RECURSION = YES;
				CLANG_WARN_INT_CONVERSION = YES;
				CLANG_WARN_NON_LITERAL_NULL_CONVERSION = YES;
				CLANG_WARN_OBJC_IMPLICIT_RETAIN_SELF = YES;
				CLANG_WARN_OBJC_LITERAL_CONVERSION = YES;
				CLANG_WARN_OBJC_ROOT_CLASS = YES_ERROR;
				CLANG_WARN_QUOTED_INCLUDE_IN_FRAMEWORK_HEADER = YES;
				CLANG_WARN_RANGE_LOOP_ANALYSIS = YES;
				CLANG_WARN_STRICT_PROTOTYPES = YES;
				CLANG_WARN_SUSPICIOUS_MOVE = YES;
				CLANG_WARN_UNGUARDED_AVAILABILITY = YES_AGGRESSIVE;
				CLANG_WARN_UNREACHABLE_CODE = YES;
				CLANG_WARN__DUPLICATE_METHOD_MATCH = YES;
				COPY_PHASE_STRIP = NO;
				DEBUG_INFORMATION_FORMAT = "dwarf-with-dsym";
				ENABLE_NS_ASSERTIONS = NO;
				ENABLE_STRICT_OBJC_MSGSEND = YES;
				GCC_C_LANGUAGE_STANDARD = gnu11;
				GCC_NO_COMMON_BLOCKS = YES;
				GCC_WARN_64_TO_32_BIT_CONVERSION = YES;
				GCC_WARN_ABOUT_RETURN_TYPE = YES_ERROR;
				GCC_WARN_UNDECLARED_SELECTOR = YES;
				GCC_WARN_UNINITIALIZED_AUTOS = YES_AGGRESSIVE;
				GCC_WARN_UNUSED_FUNCTION = YES;
				GCC_WARN_UNUSED_VARIABLE = YES;
				MACOSX_DEPLOYMENT_TARGET = 11.0;
				MTL_ENABLE_DEBUG_INFO = NO;
				MTL_FAST_MATH = YES;
				SDKROOT = macosx;
				SWIFT_COMPILATION_MODE = wholemodule;
				SWIFT_OPTIMIZATION_LEVEL = "-O";
			};
			name = Release;
		};
		504945772580C9C900C2A326 /* Debug */ = {
			isa = XCBuildConfiguration;
			buildSettings = {
				ASSETCATALOG_COMPILER_APPICON_NAME = AppIcon;
				ASSETCATALOG_COMPILER_GLOBAL_ACCENT_COLOR_NAME = AccentColor;
				CODE_SIGN_ENTITLEMENTS = Play/Play.entitlements;
				CODE_SIGN_STYLE = Automatic;
				COMBINE_HIDPI_IMAGES = YES;
				DEVELOPMENT_ASSET_PATHS = "\"Play/Preview Content\"";
				DEVELOPMENT_TEAM = NSRS3549R3;
				ENABLE_HARDENED_RUNTIME = YES;
				ENABLE_PREVIEWS = YES;
				INFOPLIST_FILE = Play/Info.plist;
				LD_RUNPATH_SEARCH_PATHS = (
					"$(inherited)",
					"@executable_path/../Frameworks",
				);
				MACOSX_DEPLOYMENT_TARGET = 11.0;
				PRODUCT_BUNDLE_IDENTIFIER = com.glennhevey.Play;
				PRODUCT_NAME = "$(TARGET_NAME)";
				SWIFT_VERSION = 5.0;
			};
			name = Debug;
		};
		504945782580C9C900C2A326 /* Release */ = {
			isa = XCBuildConfiguration;
			buildSettings = {
				ASSETCATALOG_COMPILER_APPICON_NAME = AppIcon;
				ASSETCATALOG_COMPILER_GLOBAL_ACCENT_COLOR_NAME = AccentColor;
				CODE_SIGN_ENTITLEMENTS = Play/Play.entitlements;
				CODE_SIGN_STYLE = Automatic;
				COMBINE_HIDPI_IMAGES = YES;
				DEVELOPMENT_ASSET_PATHS = "\"Play/Preview Content\"";
				DEVELOPMENT_TEAM = NSRS3549R3;
				ENABLE_HARDENED_RUNTIME = YES;
				ENABLE_PREVIEWS = YES;
				INFOPLIST_FILE = Play/Info.plist;
				LD_RUNPATH_SEARCH_PATHS = (
					"$(inherited)",
					"@executable_path/../Frameworks",
				);
				MACOSX_DEPLOYMENT_TARGET = 11.0;
				PRODUCT_BUNDLE_IDENTIFIER = com.glennhevey.Play;
				PRODUCT_NAME = "$(TARGET_NAME)";
				SWIFT_VERSION = 5.0;
			};
			name = Release;
		};
		5049457A2580C9C900C2A326 /* Debug */ = {
			isa = XCBuildConfiguration;
			buildSettings = {
				ALWAYS_EMBED_SWIFT_STANDARD_LIBRARIES = YES;
				BUNDLE_LOADER = "$(TEST_HOST)";
				CODE_SIGN_STYLE = Automatic;
				COMBINE_HIDPI_IMAGES = YES;
				DEVELOPMENT_TEAM = NSRS3549R3;
				INFOPLIST_FILE = PlayTests/Info.plist;
				LD_RUNPATH_SEARCH_PATHS = (
					"$(inherited)",
					"@executable_path/../Frameworks",
					"@loader_path/../Frameworks",
				);
				MACOSX_DEPLOYMENT_TARGET = 11.0;
				PRODUCT_BUNDLE_IDENTIFIER = com.glennhevey.PlayTests;
				PRODUCT_NAME = "$(TARGET_NAME)";
				SWIFT_VERSION = 5.0;
				TEST_HOST = "$(BUILT_PRODUCTS_DIR)/Play.app/Contents/MacOS/Play";
			};
			name = Debug;
		};
		5049457B2580C9C900C2A326 /* Release */ = {
			isa = XCBuildConfiguration;
			buildSettings = {
				ALWAYS_EMBED_SWIFT_STANDARD_LIBRARIES = YES;
				BUNDLE_LOADER = "$(TEST_HOST)";
				CODE_SIGN_STYLE = Automatic;
				COMBINE_HIDPI_IMAGES = YES;
				DEVELOPMENT_TEAM = NSRS3549R3;
				INFOPLIST_FILE = PlayTests/Info.plist;
				LD_RUNPATH_SEARCH_PATHS = (
					"$(inherited)",
					"@executable_path/../Frameworks",
					"@loader_path/../Frameworks",
				);
				MACOSX_DEPLOYMENT_TARGET = 11.0;
				PRODUCT_BUNDLE_IDENTIFIER = com.glennhevey.PlayTests;
				PRODUCT_NAME = "$(TARGET_NAME)";
				SWIFT_VERSION = 5.0;
				TEST_HOST = "$(BUILT_PRODUCTS_DIR)/Play.app/Contents/MacOS/Play";
			};
			name = Release;
		};
		5049457D2580C9C900C2A326 /* Debug */ = {
			isa = XCBuildConfiguration;
			buildSettings = {
				ALWAYS_EMBED_SWIFT_STANDARD_LIBRARIES = YES;
				CODE_SIGN_STYLE = Automatic;
				COMBINE_HIDPI_IMAGES = YES;
				DEVELOPMENT_TEAM = NSRS3549R3;
				INFOPLIST_FILE = PlayUITests/Info.plist;
				LD_RUNPATH_SEARCH_PATHS = (
					"$(inherited)",
					"@executable_path/../Frameworks",
					"@loader_path/../Frameworks",
				);
				PRODUCT_BUNDLE_IDENTIFIER = com.glennhevey.PlayUITests;
				PRODUCT_NAME = "$(TARGET_NAME)";
				SWIFT_VERSION = 5.0;
				TEST_TARGET_NAME = Play;
			};
			name = Debug;
		};
		5049457E2580C9C900C2A326 /* Release */ = {
			isa = XCBuildConfiguration;
			buildSettings = {
				ALWAYS_EMBED_SWIFT_STANDARD_LIBRARIES = YES;
				CODE_SIGN_STYLE = Automatic;
				COMBINE_HIDPI_IMAGES = YES;
				DEVELOPMENT_TEAM = NSRS3549R3;
				INFOPLIST_FILE = PlayUITests/Info.plist;
				LD_RUNPATH_SEARCH_PATHS = (
					"$(inherited)",
					"@executable_path/../Frameworks",
					"@loader_path/../Frameworks",
				);
				PRODUCT_BUNDLE_IDENTIFIER = com.glennhevey.PlayUITests;
				PRODUCT_NAME = "$(TARGET_NAME)";
				SWIFT_VERSION = 5.0;
				TEST_TARGET_NAME = Play;
			};
			name = Release;
		};
/* End XCBuildConfiguration section */

/* Begin XCConfigurationList section */
		5049454B2580C9C800C2A326 /* Build configuration list for PBXProject "Play" */ = {
			isa = XCConfigurationList;
			buildConfigurations = (
				504945742580C9C900C2A326 /* Debug */,
				504945752580C9C900C2A326 /* Release */,
			);
			defaultConfigurationIsVisible = 0;
			defaultConfigurationName = Release;
		};
		504945762580C9C900C2A326 /* Build configuration list for PBXNativeTarget "Play" */ = {
			isa = XCConfigurationList;
			buildConfigurations = (
				504945772580C9C900C2A326 /* Debug */,
				504945782580C9C900C2A326 /* Release */,
			);
			defaultConfigurationIsVisible = 0;
			defaultConfigurationName = Release;
		};
		504945792580C9C900C2A326 /* Build configuration list for PBXNativeTarget "PlayTests" */ = {
			isa = XCConfigurationList;
			buildConfigurations = (
				5049457A2580C9C900C2A326 /* Debug */,
				5049457B2580C9C900C2A326 /* Release */,
			);
			defaultConfigurationIsVisible = 0;
			defaultConfigurationName = Release;
		};
		5049457C2580C9C900C2A326 /* Build configuration list for PBXNativeTarget "PlayUITests" */ = {
			isa = XCConfigurationList;
			buildConfigurations = (
				5049457D2580C9C900C2A326 /* Debug */,
				5049457E2580C9C900C2A326 /* Release */,
			);
			defaultConfigurationIsVisible = 0;
			defaultConfigurationName = Release;
		};
/* End XCConfigurationList section */
	};
	rootObject = 504945482580C9C800C2A326 /* Project object */;
}
